
Microsoft Visual Studio Solution File, Format Version 12.00
# Visual Studio Version 16
VisualStudioVersion = 16.0.30523.141
MinimumVisualStudioVersion = 10.0.40219.1
Project("{FAE04EC0-301F-11D3-BF4B-00C04F79EFBC}") = "Assignment 2", "Assignment 2\Assignment 2.csproj", "{CE933374-E2FB-41E5-9F7D-5B886555A878}"
EndProject
Global
	GlobalSection(SolutionConfigurationPlatforms) = preSolution
		Debug|Any CPU = Debug|Any CPU
		Release|Any CPU = Release|Any CPU
	EndGlobalSection
	GlobalSection(ProjectConfigurationPlatforms) = postSolution
		{CE933374-E2FB-41E5-9F7D-5B886555A878}.Debug|Any CPU.ActiveCfg = Debug|Any CPU
		{CE933374-E2FB-41E5-9F7D-5B886555A878}.Debug|Any CPU.Build.0 = Debug|Any CPU
		{CE933374-E2FB-41E5-9F7D-5B886555A878}.Release|Any CPU.ActiveCfg = Release|Any CPU
		{CE933374-E2FB-41E5-9F7D-5B886555A878}.Release|Any CPU.Build.0 = Release|Any CPU
	EndGlobalSection
	GlobalSection(SolutionProperties) = preSolution
		HideSolutionNode = FALSE
	EndGlobalSection
	GlobalSection(ExtensibilityGlobals) = postSolution
		SolutionGuid = {2DA91CD9-6C53-4619-8DFE-B89A00756053}
	EndGlobalSection
EndGlobal
